// !$*UTF8*$!
{
	archiveVersion = 1;
	classes = {
	};
	objectVersion = 50;
	objects = {

/* Begin PBXBuildFile section */
		67418C9026BA9F6C003CF4F0 /* AppDelegate.swift in Sources */ = {isa = PBXBuildFile; fileRef = 67418C8F26BA9F6C003CF4F0 /* AppDelegate.swift */; };
		67418C9226BA9F6C003CF4F0 /* SceneDelegate.swift in Sources */ = {isa = PBXBuildFile; fileRef = 67418C9126BA9F6C003CF4F0 /* SceneDelegate.swift */; };
		67418C9426BA9F6C003CF4F0 /* SearchController.swift in Sources */ = {isa = PBXBuildFile; fileRef = 67418C9326BA9F6C003CF4F0 /* SearchController.swift */; };
		67418C9926BA9F73003CF4F0 /* Assets.xcassets in Resources */ = {isa = PBXBuildFile; fileRef = 67418C9826BA9F73003CF4F0 /* Assets.xcassets */; };
		67418C9C26BA9F73003CF4F0 /* LaunchScreen.storyboard in Resources */ = {isa = PBXBuildFile; fileRef = 67418C9A26BA9F73003CF4F0 /* LaunchScreen.storyboard */; };
		67418CA726BAA0FE003CF4F0 /* Color.swift in Sources */ = {isa = PBXBuildFile; fileRef = 67418CA626BAA0FE003CF4F0 /* Color.swift */; };
		67418CAA26BAA2A3003CF4F0 /* UIView extensions.swift in Sources */ = {isa = PBXBuildFile; fileRef = 67418CA926BAA2A3003CF4F0 /* UIView extensions.swift */; };
		67418CAD26BAA647003CF4F0 /* NetworkService.swift in Sources */ = {isa = PBXBuildFile; fileRef = 67418CAC26BAA647003CF4F0 /* NetworkService.swift */; };
		67418CB026BAA69C003CF4F0 /* APIManager.swift in Sources */ = {isa = PBXBuildFile; fileRef = 67418CAF26BAA69C003CF4F0 /* APIManager.swift */; };
		67418CB326BAAA71003CF4F0 /* Repository.swift in Sources */ = {isa = PBXBuildFile; fileRef = 67418CB226BAAA71003CF4F0 /* Repository.swift */; };
		67418CB526BAB762003CF4F0 /* Image.swift in Sources */ = {isa = PBXBuildFile; fileRef = 67418CB426BAB762003CF4F0 /* Image.swift */; };
		67418CB726BABA80003CF4F0 /* RepositoryCell.swift in Sources */ = {isa = PBXBuildFile; fileRef = 67418CB626BABA80003CF4F0 /* RepositoryCell.swift */; };
		67418CB926BAC3C1003CF4F0 /* DownloadManager.swift in Sources */ = {isa = PBXBuildFile; fileRef = 67418CB826BAC3C1003CF4F0 /* DownloadManager.swift */; };
		67418CBB26BADD93003CF4F0 /* DownloadsController.swift in Sources */ = {isa = PBXBuildFile; fileRef = 67418CBA26BADD93003CF4F0 /* DownloadsController.swift */; };
		67418CBD26BAE9E2003CF4F0 /* Download.swift in Sources */ = {isa = PBXBuildFile; fileRef = 67418CBC26BAE9E2003CF4F0 /* Download.swift */; };
		67418CC126BAF87E003CF4F0 /* DownloadCell.swift in Sources */ = {isa = PBXBuildFile; fileRef = 67418CC026BAF87E003CF4F0 /* DownloadCell.swift */; };
		67418CC326BB0172003CF4F0 /* User.swift in Sources */ = {isa = PBXBuildFile; fileRef = 67418CC226BB0172003CF4F0 /* User.swift */; };
		67F8008B26BBE75900D9358D /* UserSettings.swift in Sources */ = {isa = PBXBuildFile; fileRef = 67F8008A26BBE75900D9358D /* UserSettings.swift */; };
/* End PBXBuildFile section */

/* Begin PBXFileReference section */
		67418C8C26BA9F6C003CF4F0 /* github-repositories.app */ = {isa = PBXFileReference; explicitFileType = wrapper.application; includeInIndex = 0; path = "github-repositories.app"; sourceTree = BUILT_PRODUCTS_DIR; };
		67418C8F26BA9F6C003CF4F0 /* AppDelegate.swift */ = {isa = PBXFileReference; lastKnownFileType = sourcecode.swift; path = AppDelegate.swift; sourceTree = "<group>"; };
		67418C9126BA9F6C003CF4F0 /* SceneDelegate.swift */ = {isa = PBXFileReference; lastKnownFileType = sourcecode.swift; path = SceneDelegate.swift; sourceTree = "<group>"; };
		67418C9326BA9F6C003CF4F0 /* SearchController.swift */ = {isa = PBXFileReference; lastKnownFileType = sourcecode.swift; path = SearchController.swift; sourceTree = "<group>"; };
		67418C9826BA9F73003CF4F0 /* Assets.xcassets */ = {isa = PBXFileReference; lastKnownFileType = folder.assetcatalog; path = Assets.xcassets; sourceTree = "<group>"; };
		67418C9B26BA9F73003CF4F0 /* Base */ = {isa = PBXFileReference; lastKnownFileType = file.storyboard; name = Base; path = Base.lproj/LaunchScreen.storyboard; sourceTree = "<group>"; };
		67418C9D26BA9F73003CF4F0 /* Info.plist */ = {isa = PBXFileReference; lastKnownFileType = text.plist.xml; path = Info.plist; sourceTree = "<group>"; };
		67418CA626BAA0FE003CF4F0 /* Color.swift */ = {isa = PBXFileReference; lastKnownFileType = sourcecode.swift; path = Color.swift; sourceTree = "<group>"; };
		67418CA926BAA2A3003CF4F0 /* UIView extensions.swift */ = {isa = PBXFileReference; lastKnownFileType = sourcecode.swift; path = "UIView extensions.swift"; sourceTree = "<group>"; };
		67418CAC26BAA647003CF4F0 /* NetworkService.swift */ = {isa = PBXFileReference; lastKnownFileType = sourcecode.swift; path = NetworkService.swift; sourceTree = "<group>"; };
		67418CAF26BAA69C003CF4F0 /* APIManager.swift */ = {isa = PBXFileReference; lastKnownFileType = sourcecode.swift; path = APIManager.swift; sourceTree = "<group>"; };
		67418CB226BAAA71003CF4F0 /* Repository.swift */ = {isa = PBXFileReference; lastKnownFileType = sourcecode.swift; path = Repository.swift; sourceTree = "<group>"; };
		67418CB426BAB762003CF4F0 /* Image.swift */ = {isa = PBXFileReference; lastKnownFileType = sourcecode.swift; path = Image.swift; sourceTree = "<group>"; };
		67418CB626BABA80003CF4F0 /* RepositoryCell.swift */ = {isa = PBXFileReference; lastKnownFileType = sourcecode.swift; path = RepositoryCell.swift; sourceTree = "<group>"; };
		67418CB826BAC3C1003CF4F0 /* DownloadManager.swift */ = {isa = PBXFileReference; lastKnownFileType = sourcecode.swift; path = DownloadManager.swift; sourceTree = "<group>"; };
		67418CBA26BADD93003CF4F0 /* DownloadsController.swift */ = {isa = PBXFileReference; lastKnownFileType = sourcecode.swift; path = DownloadsController.swift; sourceTree = "<group>"; };
		67418CBC26BAE9E2003CF4F0 /* Download.swift */ = {isa = PBXFileReference; lastKnownFileType = sourcecode.swift; path = Download.swift; sourceTree = "<group>"; };
		67418CC026BAF87E003CF4F0 /* DownloadCell.swift */ = {isa = PBXFileReference; lastKnownFileType = sourcecode.swift; path = DownloadCell.swift; sourceTree = "<group>"; };
		67418CC226BB0172003CF4F0 /* User.swift */ = {isa = PBXFileReference; lastKnownFileType = sourcecode.swift; path = User.swift; sourceTree = "<group>"; };
		67F8008A26BBE75900D9358D /* UserSettings.swift */ = {isa = PBXFileReference; lastKnownFileType = sourcecode.swift; path = UserSettings.swift; sourceTree = "<group>"; };
/* End PBXFileReference section */

/* Begin PBXFrameworksBuildPhase section */
		67418C8926BA9F6C003CF4F0 /* Frameworks */ = {
			isa = PBXFrameworksBuildPhase;
			buildActionMask = 2147483647;
			files = (
			);
			runOnlyForDeploymentPostprocessing = 0;
		};
/* End PBXFrameworksBuildPhase section */

/* Begin PBXGroup section */
		67418C8326BA9F6C003CF4F0 = {
			isa = PBXGroup;
			children = (
				67418C8E26BA9F6C003CF4F0 /* github-repositories */,
				67418C8D26BA9F6C003CF4F0 /* Products */,
			);
			sourceTree = "<group>";
		};
		67418C8D26BA9F6C003CF4F0 /* Products */ = {
			isa = PBXGroup;
			children = (
				67418C8C26BA9F6C003CF4F0 /* github-repositories.app */,
			);
			name = Products;
			sourceTree = "<group>";
		};
		67418C8E26BA9F6C003CF4F0 /* github-repositories */ = {
			isa = PBXGroup;
			children = (
				67418CBE26BAF852003CF4F0 /* Download */,
				67418C8F26BA9F6C003CF4F0 /* AppDelegate.swift */,
				67418C9126BA9F6C003CF4F0 /* SceneDelegate.swift */,
				67418C9D26BA9F73003CF4F0 /* Info.plist */,
				67418CA426BAA0D6003CF4F0 /* Search */,
				67418CA326BAA097003CF4F0 /* Resources */,
			);
			path = "github-repositories";
			sourceTree = "<group>";
		};
		67418CA326BAA097003CF4F0 /* Resources */ = {
			isa = PBXGroup;
			children = (
				67418CAE26BAA67D003CF4F0 /* Managers */,
				67418CAB26BAA576003CF4F0 /* Services */,
				67418CA826BAA28B003CF4F0 /* Extensions */,
				67418CA526BAA0F1003CF4F0 /* Data */,
				67418C9826BA9F73003CF4F0 /* Assets.xcassets */,
				67418C9A26BA9F73003CF4F0 /* LaunchScreen.storyboard */,
			);
			path = Resources;
			sourceTree = "<group>";
		};
		67418CA426BAA0D6003CF4F0 /* Search */ = {
			isa = PBXGroup;
			children = (
				67418CB126BAAA5F003CF4F0 /* Model */,
				67418C9326BA9F6C003CF4F0 /* SearchController.swift */,
				67418CB626BABA80003CF4F0 /* RepositoryCell.swift */,
			);
			path = Search;
			sourceTree = "<group>";
		};
		67418CA526BAA0F1003CF4F0 /* Data */ = {
			isa = PBXGroup;
			children = (
				67418CA626BAA0FE003CF4F0 /* Color.swift */,
				67418CB426BAB762003CF4F0 /* Image.swift */,
			);
			path = Data;
			sourceTree = "<group>";
		};
		67418CA826BAA28B003CF4F0 /* Extensions */ = {
			isa = PBXGroup;
			children = (
				67418CA926BAA2A3003CF4F0 /* UIView extensions.swift */,
			);
			path = Extensions;
			sourceTree = "<group>";
		};
		67418CAB26BAA576003CF4F0 /* Services */ = {
			isa = PBXGroup;
			children = (
				67418CAC26BAA647003CF4F0 /* NetworkService.swift */,
			);
			path = Services;
			sourceTree = "<group>";
		};
		67418CAE26BAA67D003CF4F0 /* Managers */ = {
			isa = PBXGroup;
			children = (
				67418CAF26BAA69C003CF4F0 /* APIManager.swift */,
				67418CB826BAC3C1003CF4F0 /* DownloadManager.swift */,
				67F8008A26BBE75900D9358D /* UserSettings.swift */,
			);
			path = Managers;
			sourceTree = "<group>";
		};
		67418CB126BAAA5F003CF4F0 /* Model */ = {
			isa = PBXGroup;
			children = (
				67418CB226BAAA71003CF4F0 /* Repository.swift */,
				67418CC226BB0172003CF4F0 /* User.swift */,
			);
			path = Model;
			sourceTree = "<group>";
		};
		67418CBE26BAF852003CF4F0 /* Download */ = {
			isa = PBXGroup;
			children = (
				67418CBF26BAF865003CF4F0 /* Model */,
				67418CBA26BADD93003CF4F0 /* DownloadsController.swift */,
				67418CC026BAF87E003CF4F0 /* DownloadCell.swift */,
			);
			path = Download;
			sourceTree = "<group>";
		};
		67418CBF26BAF865003CF4F0 /* Model */ = {
			isa = PBXGroup;
			children = (
				67418CBC26BAE9E2003CF4F0 /* Download.swift */,
			);
			path = Model;
			sourceTree = "<group>";
		};
/* End PBXGroup section */

/* Begin PBXNativeTarget section */
		67418C8B26BA9F6C003CF4F0 /* github-repositories */ = {
			isa = PBXNativeTarget;
			buildConfigurationList = 67418CA026BA9F73003CF4F0 /* Build configuration list for PBXNativeTarget "github-repositories" */;
			buildPhases = (
				67418C8826BA9F6C003CF4F0 /* Sources */,
				67418C8926BA9F6C003CF4F0 /* Frameworks */,
				67418C8A26BA9F6C003CF4F0 /* Resources */,
			);
			buildRules = (
			);
			dependencies = (
			);
			name = "github-repositories";
			productName = "github-repositories";
			productReference = 67418C8C26BA9F6C003CF4F0 /* github-repositories.app */;
			productType = "com.apple.product-type.application";
		};
/* End PBXNativeTarget section */

/* Begin PBXProject section */
		67418C8426BA9F6C003CF4F0 /* Project object */ = {
			isa = PBXProject;
			attributes = {
				LastSwiftUpdateCheck = 1170;
				LastUpgradeCheck = 1170;
				ORGANIZATIONNAME = vlsuv;
				TargetAttributes = {
					67418C8B26BA9F6C003CF4F0 = {
						CreatedOnToolsVersion = 11.7;
					};
				};
			};
			buildConfigurationList = 67418C8726BA9F6C003CF4F0 /* Build configuration list for PBXProject "github-repositories" */;
			compatibilityVersion = "Xcode 9.3";
			developmentRegion = en;
			hasScannedForEncodings = 0;
			knownRegions = (
				en,
				Base,
			);
			mainGroup = 67418C8326BA9F6C003CF4F0;
			productRefGroup = 67418C8D26BA9F6C003CF4F0 /* Products */;
			projectDirPath = "";
			projectRoot = "";
			targets = (
				67418C8B26BA9F6C003CF4F0 /* github-repositories */,
			);
		};
/* End PBXProject section */

/* Begin PBXResourcesBuildPhase section */
		67418C8A26BA9F6C003CF4F0 /* Resources */ = {
			isa = PBXResourcesBuildPhase;
			buildActionMask = 2147483647;
			files = (
				67418C9C26BA9F73003CF4F0 /* LaunchScreen.storyboard in Resources */,
				67418C9926BA9F73003CF4F0 /* Assets.xcassets in Resources */,
			);
			runOnlyForDeploymentPostprocessing = 0;
		};
/* End PBXResourcesBuildPhase section */

/* Begin PBXSourcesBuildPhase section */
		67418C8826BA9F6C003CF4F0 /* Sources */ = {
			isa = PBXSourcesBuildPhase;
			buildActionMask = 2147483647;
			files = (
				67418C9426BA9F6C003CF4F0 /* SearchController.swift in Sources */,
				67418CB526BAB762003CF4F0 /* Image.swift in Sources */,
				67418CAA26BAA2A3003CF4F0 /* UIView extensions.swift in Sources */,
				67418CBB26BADD93003CF4F0 /* DownloadsController.swift in Sources */,
				67418CA726BAA0FE003CF4F0 /* Color.swift in Sources */,
				67418CB326BAAA71003CF4F0 /* Repository.swift in Sources */,
				67418CB726BABA80003CF4F0 /* RepositoryCell.swift in Sources */,
				67418C9026BA9F6C003CF4F0 /* AppDelegate.swift in Sources */,
				67418CC326BB0172003CF4F0 /* User.swift in Sources */,
				67418CAD26BAA647003CF4F0 /* NetworkService.swift in Sources */,
				67418CB926BAC3C1003CF4F0 /* DownloadManager.swift in Sources */,
				67418C9226BA9F6C003CF4F0 /* SceneDelegate.swift in Sources */,
				67418CC126BAF87E003CF4F0 /* DownloadCell.swift in Sources */,
				67F8008B26BBE75900D9358D /* UserSettings.swift in Sources */,
				67418CB026BAA69C003CF4F0 /* APIManager.swift in Sources */,
				67418CBD26BAE9E2003CF4F0 /* Download.swift in Sources */,
			);
			runOnlyForDeploymentPostprocessing = 0;
		};
/* End PBXSourcesBuildPhase section */

/* Begin PBXVariantGroup section */
		67418C9A26BA9F73003CF4F0 /* LaunchScreen.storyboard */ = {
			isa = PBXVariantGroup;
			children = (
				67418C9B26BA9F73003CF4F0 /* Base */,
			);
			name = LaunchScreen.storyboard;
			sourceTree = "<group>";
		};
/* End PBXVariantGroup section */

/* Begin XCBuildConfiguration section */
		67418C9E26BA9F73003CF4F0 /* Debug */ = {
			isa = XCBuildConfiguration;
			buildSettings = {
				ALWAYS_SEARCH_USER_PATHS = NO;
				CLANG_ANALYZER_NONNULL = YES;
				CLANG_ANALYZER_NUMBER_OBJECT_CONVERSION = YES_AGGRESSIVE;
				CLANG_CXX_LANGUAGE_STANDARD = "gnu++14";
				CLANG_CXX_LIBRARY = "libc++";
				CLANG_ENABLE_MODULES = YES;
				CLANG_ENABLE_OBJC_ARC = YES;
				CLANG_ENABLE_OBJC_WEAK = YES;
				CLANG_WARN_BLOCK_CAPTURE_AUTORELEASING = YES;
				CLANG_WARN_BOOL_CONVERSION = YES;
				CLANG_WARN_COMMA = YES;
				CLANG_WARN_CONSTANT_CONVERSION = YES;
				CLANG_WARN_DEPRECATED_OBJC_IMPLEMENTATIONS = YES;
				CLANG_WARN_DIRECT_OBJC_ISA_USAGE = YES_ERROR;
				CLANG_WARN_DOCUMENTATION_COMMENTS = YES;
				CLANG_WARN_EMPTY_BODY = YES;
				CLANG_WARN_ENUM_CONVERSION = YES;
				CLANG_WARN_INFINITE_RECURSION = YES;
				CLANG_WARN_INT_CONVERSION = YES;
				CLANG_WARN_NON_LITERAL_NULL_CONVERSION = YES;
				CLANG_WARN_OBJC_IMPLICIT_RETAIN_SELF = YES;
				CLANG_WARN_OBJC_LITERAL_CONVERSION = YES;
				CLANG_WARN_OBJC_ROOT_CLASS = YES_ERROR;
				CLANG_WARN_RANGE_LOOP_ANALYSIS = YES;
				CLANG_WARN_STRICT_PROTOTYPES = YES;
				CLANG_WARN_SUSPICIOUS_MOVE = YES;
				CLANG_WARN_UNGUARDED_AVAILABILITY = YES_AGGRESSIVE;
				CLANG_WARN_UNREACHABLE_CODE = YES;
				CLANG_WARN__DUPLICATE_METHOD_MATCH = YES;
				COPY_PHASE_STRIP = NO;
				DEBUG_INFORMATION_FORMAT = dwarf;
				ENABLE_STRICT_OBJC_MSGSEND = YES;
				ENABLE_TESTABILITY = YES;
				GCC_C_LANGUAGE_STANDARD = gnu11;
				GCC_DYNAMIC_NO_PIC = NO;
				GCC_NO_COMMON_BLOCKS = YES;
				GCC_OPTIMIZATION_LEVEL = 0;
				GCC_PREPROCESSOR_DEFINITIONS = (
					"DEBUG=1",
					"$(inherited)",
				);
				GCC_WARN_64_TO_32_BIT_CONVERSION = YES;
				GCC_WARN_ABOUT_RETURN_TYPE = YES_ERROR;
				GCC_WARN_UNDECLARED_SELECTOR = YES;
				GCC_WARN_UNINITIALIZED_AUTOS = YES_AGGRESSIVE;
				GCC_WARN_UNUSED_FUNCTION = YES;
				GCC_WARN_UNUSED_VARIABLE = YES;
				IPHONEOS_DEPLOYMENT_TARGET = 13.7;
				MTL_ENABLE_DEBUG_INFO = INCLUDE_SOURCE;
				MTL_FAST_MATH = YES;
				ONLY_ACTIVE_ARCH = YES;
				SDKROOT = iphoneos;
				SWIFT_ACTIVE_COMPILATION_CONDITIONS = DEBUG;
				SWIFT_OPTIMIZATION_LEVEL = "-Onone";
			};
			name = Debug;
		};
		67418C9F26BA9F73003CF4F0 /* Release */ = {
			isa = XCBuildConfiguration;
			buildSettings = {
				ALWAYS_SEARCH_USER_PATHS = NO;
				CLANG_ANALYZER_NONNULL = YES;
				CLANG_ANALYZER_NUMBER_OBJECT_CONVERSION = YES_AGGRESSIVE;
				CLANG_CXX_LANGUAGE_STANDARD = "gnu++14";
				CLANG_CXX_LIBRARY = "libc++";
				CLANG_ENABLE_MODULES = YES;
				CLANG_ENABLE_OBJC_ARC = YES;
				CLANG_ENABLE_OBJC_WEAK = YES;
				CLANG_WARN_BLOCK_CAPTURE_AUTORELEASING = YES;
				CLANG_WARN_BOOL_CONVERSION = YES;
				CLANG_WARN_COMMA = YES;
				CLANG_WARN_CONSTANT_CONVERSION = YES;
				CLANG_WARN_DEPRECATED_OBJC_IMPLEMENTATIONS = YES;
				CLANG_WARN_DIRECT_OBJC_ISA_USAGE = YES_ERROR;
				CLANG_WARN_DOCUMENTATION_COMMENTS = YES;
				CLANG_WARN_EMPTY_BODY = YES;
				CLANG_WARN_ENUM_CONVERSION = YES;
				CLANG_WARN_INFINITE_RECURSION = YES;
				CLANG_WARN_INT_CONVERSION = YES;
				CLANG_WARN_NON_LITERAL_NULL_CONVERSION = YES;
				CLANG_WARN_OBJC_IMPLICIT_RETAIN_SELF = YES;
				CLANG_WARN_OBJC_LITERAL_CONVERSION = YES;
				CLANG_WARN_OBJC_ROOT_CLASS = YES_ERROR;
				CLANG_WARN_RANGE_LOOP_ANALYSIS = YES;
				CLANG_WARN_STRICT_PROTOTYPES = YES;
				CLANG_WARN_SUSPICIOUS_MOVE = YES;
				CLANG_WARN_UNGUARDED_AVAILABILITY = YES_AGGRESSIVE;
				CLANG_WARN_UNREACHABLE_CODE = YES;
				CLANG_WARN__DUPLICATE_METHOD_MATCH = YES;
				COPY_PHASE_STRIP = NO;
				DEBUG_INFORMATION_FORMAT = "dwarf-with-dsym";
				ENABLE_NS_ASSERTIONS = NO;
				ENABLE_STRICT_OBJC_MSGSEND = YES;
				GCC_C_LANGUAGE_STANDARD = gnu11;
				GCC_NO_COMMON_BLOCKS = YES;
				GCC_WARN_64_TO_32_BIT_CONVERSION = YES;
				GCC_WARN_ABOUT_RETURN_TYPE = YES_ERROR;
				GCC_WARN_UNDECLARED_SELECTOR = YES;
				GCC_WARN_UNINITIALIZED_AUTOS = YES_AGGRESSIVE;
				GCC_WARN_UNUSED_FUNCTION = YES;
				GCC_WARN_UNUSED_VARIABLE = YES;
				IPHONEOS_DEPLOYMENT_TARGET = 13.7;
				MTL_ENABLE_DEBUG_INFO = NO;
				MTL_FAST_MATH = YES;
				SDKROOT = iphoneos;
				SWIFT_COMPILATION_MODE = wholemodule;
				SWIFT_OPTIMIZATION_LEVEL = "-O";
				VALIDATE_PRODUCT = YES;
			};
			name = Release;
		};
		67418CA126BA9F73003CF4F0 /* Debug */ = {
			isa = XCBuildConfiguration;
			buildSettings = {
				ASSETCATALOG_COMPILER_APPICON_NAME = AppIcon;
				CODE_SIGN_STYLE = Automatic;
				DEVELOPMENT_TEAM = MWFAWW6L55;
				INFOPLIST_FILE = "github-repositories/Info.plist";
				LD_RUNPATH_SEARCH_PATHS = (
					"$(inherited)",
					"@executable_path/Frameworks",
				);
				PRODUCT_BUNDLE_IDENTIFIER = "vlsuv.github-repositories";
				PRODUCT_NAME = "$(TARGET_NAME)";
				SWIFT_VERSION = 5.0;
				TARGETED_DEVICE_FAMILY = 1;
			};
			name = Debug;
		};
		67418CA226BA9F73003CF4F0 /* Release */ = {
			isa = XCBuildConfiguration;
			buildSettings = {
				ASSETCATALOG_COMPILER_APPICON_NAME = AppIcon;
				CODE_SIGN_STYLE = Automatic;
				DEVELOPMENT_TEAM = MWFAWW6L55;
				INFOPLIST_FILE = "github-repositories/Info.plist";
				LD_RUNPATH_SEARCH_PATHS = (
					"$(inherited)",
					"@executable_path/Frameworks",
				);
				PRODUCT_BUNDLE_IDENTIFIER = "vlsuv.github-repositories";
				PRODUCT_NAME = "$(TARGET_NAME)";
				SWIFT_VERSION = 5.0;
				TARGETED_DEVICE_FAMILY = 1;
			};
			name = Release;
		};
/* End XCBuildConfiguration section */

/* Begin XCConfigurationList section */
		67418C8726BA9F6C003CF4F0 /* Build configuration list for PBXProject "github-repositories" */ = {
			isa = XCConfigurationList;
			buildConfigurations = (
				67418C9E26BA9F73003CF4F0 /* Debug */,
				67418C9F26BA9F73003CF4F0 /* Release */,
			);
			defaultConfigurationIsVisible = 0;
			defaultConfigurationName = Release;
		};
		67418CA026BA9F73003CF4F0 /* Build configuration list for PBXNativeTarget "github-repositories" */ = {
			isa = XCConfigurationList;
			buildConfigurations = (
				67418CA126BA9F73003CF4F0 /* Debug */,
				67418CA226BA9F73003CF4F0 /* Release */,
			);
			defaultConfigurationIsVisible = 0;
			defaultConfigurationName = Release;
		};
/* End XCConfigurationList section */
	};
	rootObject = 67418C8426BA9F6C003CF4F0 /* Project object */;
}
